
Microsoft Visual Studio Solution File, Format Version 12.00
# Visual Studio 14
VisualStudioVersion = 14.0.25420.1
MinimumVisualStudioVersion = 10.0.40219.1
Project("{FAE04EC0-301F-11D3-BF4B-00C04F79EFBC}") = "SecureHashAlgorithm", "Sha\SecureHashAlgorithm.csproj", "{C794761F-B820-45E4-96D7-9F66C224B85C}"
EndProject
Project("{FAE04EC0-301F-11D3-BF4B-00C04F79EFBC}") = "ShaTests", "ShaTests\ShaTests.csproj", "{AB84D679-AF33-470F-9205-883708503565}"
EndProject
Global
	GlobalSection(SolutionConfigurationPlatforms) = preSolution
		Debug|Any CPU = Debug|Any CPU
		Release|Any CPU = Release|Any CPU
	EndGlobalSection
	GlobalSection(ProjectConfigurationPlatforms) = postSolution
		{C794761F-B820-45E4-96D7-9F66C224B85C}.Debug|Any CPU.ActiveCfg = Debug|Any CPU
		{C794761F-B820-45E4-96D7-9F66C224B85C}.Debug|Any CPU.Build.0 = Debug|Any CPU
		{C794761F-B820-45E4-96D7-9F66C224B85C}.Release|Any CPU.ActiveCfg = Release|Any CPU
		{C794761F-B820-45E4-96D7-9F66C224B85C}.Release|Any CPU.Build.0 = Release|Any CPU
		{AB84D679-AF33-470F-9205-883708503565}.Debug|Any CPU.ActiveCfg = Debug|Any CPU
		{AB84D679-AF33-470F-9205-883708503565}.Debug|Any CPU.Build.0 = Debug|Any CPU
		{AB84D679-AF33-470F-9205-883708503565}.Release|Any CPU.ActiveCfg = Release|Any CPU
		{AB84D679-AF33-470F-9205-883708503565}.Release|Any CPU.Build.0 = Release|Any CPU
	EndGlobalSection
	GlobalSection(SolutionProperties) = preSolution
		HideSolutionNode = FALSE
	EndGlobalSection
EndGlobal
